
Microsoft Visual Studio Solution File, Format Version 12.00
# Visual Studio Version 17
VisualStudioVersion = 17.12.35521.163 d17.12
MinimumVisualStudioVersion = 10.0.40219.1
Project("{FAE04EC0-301F-11D3-BF4B-00C04F79EFBC}") = "ELibrary", "ELibrary\ELibrary.csproj", "{EB4A1C2C-7B05-41D5-987A-BA9A01F9D469}"
EndProject
Global
	GlobalSection(SolutionConfigurationPlatforms) = preSolution
		Debug|Any CPU = Debug|Any CPU
		Release|Any CPU = Release|Any CPU
	EndGlobalSection
	GlobalSection(ProjectConfigurationPlatforms) = postSolution
		{EB4A1C2C-7B05-41D5-987A-BA9A01F9D469}.Debug|Any CPU.ActiveCfg = Debug|Any CPU
		{EB4A1C2C-7B05-41D5-987A-BA9A01F9D469}.Debug|Any CPU.Build.0 = Debug|Any CPU
		{EB4A1C2C-7B05-41D5-987A-BA9A01F9D469}.Release|Any CPU.ActiveCfg = Release|Any CPU
		{EB4A1C2C-7B05-41D5-987A-BA9A01F9D469}.Release|Any CPU.Build.0 = Release|Any CPU
	EndGlobalSection
	GlobalSection(SolutionProperties) = preSolution
		HideSolutionNode = FALSE
	EndGlobalSection
EndGlobal
